// !$*UTF8*$!
{
	archiveVersion = 1;
	classes = {
	};
	objectVersion = 51;
	objects = {

/* Begin PBXBuildFile section */
		187E620E259D1B6E00BB4A51 /* AppDelegate.swift in Sources */ = {isa = PBXBuildFile; fileRef = 187E620D259D1B6E00BB4A51 /* AppDelegate.swift */; };
		187E6210259D1B6E00BB4A51 /* SceneDelegate.swift in Sources */ = {isa = PBXBuildFile; fileRef = 187E620F259D1B6E00BB4A51 /* SceneDelegate.swift */; };
		187E6217259D1B7100BB4A51 /* Assets.xcassets in Resources */ = {isa = PBXBuildFile; fileRef = 187E6216259D1B7100BB4A51 /* Assets.xcassets */; };
		187E621A259D1B7100BB4A51 /* LaunchScreen.storyboard in Resources */ = {isa = PBXBuildFile; fileRef = 187E6218259D1B7100BB4A51 /* LaunchScreen.storyboard */; };
		187E6225259D1B7100BB4A51 /* AnAppTests.swift in Sources */ = {isa = PBXBuildFile; fileRef = 187E6224259D1B7100BB4A51 /* AnAppTests.swift */; };
		187E6230259D1B7100BB4A51 /* AnAppUITests.swift in Sources */ = {isa = PBXBuildFile; fileRef = 187E622F259D1B7100BB4A51 /* AnAppUITests.swift */; };
		18CF1A1625D5DE5C00B0C5C6 /* View.swift in Sources */ = {isa = PBXBuildFile; fileRef = 18CF1A1525D5DE5C00B0C5C6 /* View.swift */; };
		18CF1A1D25D5DE6300B0C5C6 /* Provider.swift in Sources */ = {isa = PBXBuildFile; fileRef = 18CF1A1025D5DE3500B0C5C6 /* Provider.swift */; };
		18CF1A2225D5DED600B0C5C6 /* Model.swift in Sources */ = {isa = PBXBuildFile; fileRef = 18CF1A2125D5DED600B0C5C6 /* Model.swift */; };
		18CF1A4125D5F2A900B0C5C6 /* WidgetKit.framework in Frameworks */ = {isa = PBXBuildFile; fileRef = 18ED06E325B4CF2E001ACD09 /* WidgetKit.framework */; };
		18CF1A4225D5F2A900B0C5C6 /* SwiftUI.framework in Frameworks */ = {isa = PBXBuildFile; fileRef = 18ED06E525B4CF2E001ACD09 /* SwiftUI.framework */; };
		18CF1A4525D5F2A900B0C5C6 /* Widget.swift in Sources */ = {isa = PBXBuildFile; fileRef = 18CF1A4425D5F2A900B0C5C6 /* Widget.swift */; };
		18CF1A4825D5F2AB00B0C5C6 /* Assets.xcassets in Resources */ = {isa = PBXBuildFile; fileRef = 18CF1A4725D5F2AB00B0C5C6 /* Assets.xcassets */; };
		18CF1A4A25D5F2AB00B0C5C6 /* WidgetConfiguration.intentdefinition in Sources */ = {isa = PBXBuildFile; fileRef = 18CF1A4625D5F2A900B0C5C6 /* WidgetConfiguration.intentdefinition */; };
		18CF1A4E25D5F2AB00B0C5C6 /* AConfigurableWidget.appex in Embed App Extensions */ = {isa = PBXBuildFile; fileRef = 18CF1A4025D5F2A900B0C5C6 /* AConfigurableWidget.appex */; settings = {ATTRIBUTES = (RemoveHeadersOnCopy, ); }; };
		18ED040225A506AB001ACD09 /* AppDependencyContainer.swift in Sources */ = {isa = PBXBuildFile; fileRef = 18ED03EE25A506AB001ACD09 /* AppDependencyContainer.swift */; };
		18ED040425A506AB001ACD09 /* UserList+TableView.swift in Sources */ = {isa = PBXBuildFile; fileRef = 18ED03F125A506AB001ACD09 /* UserList+TableView.swift */; };
		18ED040525A506AB001ACD09 /* UserListDependencyContainer.swift in Sources */ = {isa = PBXBuildFile; fileRef = 18ED03F225A506AB001ACD09 /* UserListDependencyContainer.swift */; };
		18ED040625A506AB001ACD09 /* UserListViewController.swift in Sources */ = {isa = PBXBuildFile; fileRef = 18ED03F325A506AB001ACD09 /* UserListViewController.swift */; };
		18ED040725A506AB001ACD09 /* UserList.storyboard in Resources */ = {isa = PBXBuildFile; fileRef = 18ED03F425A506AB001ACD09 /* UserList.storyboard */; };
		18ED040825A506AB001ACD09 /* Profile.storyboard in Resources */ = {isa = PBXBuildFile; fileRef = 18ED03F625A506AB001ACD09 /* Profile.storyboard */; };
		18ED040925A506AB001ACD09 /* Home.storyboard in Resources */ = {isa = PBXBuildFile; fileRef = 18ED03F725A506AB001ACD09 /* Home.storyboard */; };
		18ED040A25A506AB001ACD09 /* AddUser.storyboard in Resources */ = {isa = PBXBuildFile; fileRef = 18ED03FA25A506AB001ACD09 /* AddUser.storyboard */; };
		18ED040B25A506AB001ACD09 /* AddUserViewController.swift in Sources */ = {isa = PBXBuildFile; fileRef = 18ED03FB25A506AB001ACD09 /* AddUserViewController.swift */; };
		18ED040C25A506AB001ACD09 /* AddUserViewModel.swift in Sources */ = {isa = PBXBuildFile; fileRef = 18ED03FC25A506AB001ACD09 /* AddUserViewModel.swift */; };
		18ED040D25A506AB001ACD09 /* HomeTabBarViewController.swift in Sources */ = {isa = PBXBuildFile; fileRef = 18ED03FD25A506AB001ACD09 /* HomeTabBarViewController.swift */; };
		18ED040E25A506AB001ACD09 /* SortUser.storyboard in Resources */ = {isa = PBXBuildFile; fileRef = 18ED03FF25A506AB001ACD09 /* SortUser.storyboard */; };
		18ED040F25A506AB001ACD09 /* SortFieldsViewModel.swift in Sources */ = {isa = PBXBuildFile; fileRef = 18ED040025A506AB001ACD09 /* SortFieldsViewModel.swift */; };
		18ED041025A506AB001ACD09 /* SortFieldsTableViewController.swift in Sources */ = {isa = PBXBuildFile; fileRef = 18ED040125A506AB001ACD09 /* SortFieldsTableViewController.swift */; };
		18ED043425A50C6E001ACD09 /* AnAppKit.framework in Frameworks */ = {isa = PBXBuildFile; fileRef = 18ED043125A50C6E001ACD09 /* AnAppKit.framework */; };
		18ED043525A50C6E001ACD09 /* AnAppKit.framework in Embed Frameworks */ = {isa = PBXBuildFile; fileRef = 18ED043125A50C6E001ACD09 /* AnAppKit.framework */; settings = {ATTRIBUTES = (CodeSignOnCopy, RemoveHeadersOnCopy, ); }; };
		18ED043625A50C6E001ACD09 /* AnAppUIKit.framework in Frameworks */ = {isa = PBXBuildFile; fileRef = 18ED043225A50C6E001ACD09 /* AnAppUIKit.framework */; };
		18ED043725A50C6E001ACD09 /* AnAppUIKit.framework in Embed Frameworks */ = {isa = PBXBuildFile; fileRef = 18ED043225A50C6E001ACD09 /* AnAppUIKit.framework */; settings = {ATTRIBUTES = (CodeSignOnCopy, RemoveHeadersOnCopy, ); }; };
		18ED043825A50C6E001ACD09 /* Utility.framework in Frameworks */ = {isa = PBXBuildFile; fileRef = 18ED043325A50C6E001ACD09 /* Utility.framework */; };
		18ED043925A50C6E001ACD09 /* Utility.framework in Embed Frameworks */ = {isa = PBXBuildFile; fileRef = 18ED043325A50C6E001ACD09 /* Utility.framework */; settings = {ATTRIBUTES = (CodeSignOnCopy, RemoveHeadersOnCopy, ); }; };
		18ED062F25A64B3C001ACD09 /* LaunchViewController.swift in Sources */ = {isa = PBXBuildFile; fileRef = 18ED062E25A64B3C001ACD09 /* LaunchViewController.swift */; };
		18ED063325A64B49001ACD09 /* MainViewController.swift in Sources */ = {isa = PBXBuildFile; fileRef = 18ED063225A64B49001ACD09 /* MainViewController.swift */; };
		18ED063925A655B1001ACD09 /* LoginViewController.swift in Sources */ = {isa = PBXBuildFile; fileRef = 18ED063825A655B1001ACD09 /* LoginViewController.swift */; };
		18ED063F25A65B8C001ACD09 /* ProfileViewController.swift in Sources */ = {isa = PBXBuildFile; fileRef = 18ED063E25A65B8C001ACD09 /* ProfileViewController.swift */; };
		18ED064C25A6959B001ACD09 /* Login.storyboard in Resources */ = {isa = PBXBuildFile; fileRef = 18ED064B25A6959B001ACD09 /* Login.storyboard */; };
		18ED068125ABF810001ACD09 /* ProfilePresenter.swift in Sources */ = {isa = PBXBuildFile; fileRef = 18ED068025ABF810001ACD09 /* ProfilePresenter.swift */; };
		18ED068525ABF9FE001ACD09 /* LaunchPresenter.swift in Sources */ = {isa = PBXBuildFile; fileRef = 18ED068425ABF9FE001ACD09 /* LaunchPresenter.swift */; };
		18ED068A25ABFE59001ACD09 /* MainPresenter.swift in Sources */ = {isa = PBXBuildFile; fileRef = 18ED068925ABFE59001ACD09 /* MainPresenter.swift */; };
		18ED06AB25AC01BD001ACD09 /* Main.storyboard in Resources */ = {isa = PBXBuildFile; fileRef = 18ED06AA25AC01BD001ACD09 /* Main.storyboard */; };
		18ED06AF25AC0237001ACD09 /* Launch.storyboard in Resources */ = {isa = PBXBuildFile; fileRef = 18ED06AE25AC0237001ACD09 /* Launch.storyboard */; };
		18ED06B525ACD8DB001ACD09 /* ViewControllerFactory.swift in Sources */ = {isa = PBXBuildFile; fileRef = 18ED06B425ACD8DB001ACD09 /* ViewControllerFactory.swift */; };
		18ED06BB25ACE76C001ACD09 /* UserListPresenter.swift in Sources */ = {isa = PBXBuildFile; fileRef = 18ED06BA25ACE76C001ACD09 /* UserListPresenter.swift */; };
		18ED06C125ACF3EE001ACD09 /* LoginPresenter.swift in Sources */ = {isa = PBXBuildFile; fileRef = 18ED06C025ACF3EE001ACD09 /* LoginPresenter.swift */; };
		18ED071E25B4D036001ACD09 /* WidgetKit.framework in Frameworks */ = {isa = PBXBuildFile; fileRef = 18ED06E325B4CF2E001ACD09 /* WidgetKit.framework */; };
		18ED071F25B4D036001ACD09 /* SwiftUI.framework in Frameworks */ = {isa = PBXBuildFile; fileRef = 18ED06E525B4CF2E001ACD09 /* SwiftUI.framework */; };
		18ED072225B4D036001ACD09 /* Widget.swift in Sources */ = {isa = PBXBuildFile; fileRef = 18ED072125B4D036001ACD09 /* Widget.swift */; };
		18ED072425B4D037001ACD09 /* Assets.xcassets in Resources */ = {isa = PBXBuildFile; fileRef = 18ED072325B4D037001ACD09 /* Assets.xcassets */; };
		18ED072825B4D037001ACD09 /* AWidget.appex in Embed App Extensions */ = {isa = PBXBuildFile; fileRef = 18ED071D25B4D036001ACD09 /* AWidget.appex */; settings = {ATTRIBUTES = (RemoveHeadersOnCopy, ); }; };
		18F8DEC325DA0C50006F5F32 /* Intents.framework in Frameworks */ = {isa = PBXBuildFile; fileRef = 18F8DDFB25D9FDEC006F5F32 /* Intents.framework */; };
		18F8DEC625DA0C50006F5F32 /* IntentHandler.swift in Sources */ = {isa = PBXBuildFile; fileRef = 18F8DEC525DA0C50006F5F32 /* IntentHandler.swift */; };
		18F8DECA25DA0C50006F5F32 /* IntentHandlerProvider.appex in Embed App Extensions */ = {isa = PBXBuildFile; fileRef = 18F8DEC225DA0C50006F5F32 /* IntentHandlerProvider.appex */; settings = {ATTRIBUTES = (RemoveHeadersOnCopy, ); }; };
		18F8DEDE25DA0D40006F5F32 /* WidgetConfigurationIntentHandler.swift in Sources */ = {isa = PBXBuildFile; fileRef = 18F8DEDD25DA0D40006F5F32 /* WidgetConfigurationIntentHandler.swift */; };
		18F8DEE425DA0D96006F5F32 /* WidgetConfigurationIntentHandler.swift in Sources */ = {isa = PBXBuildFile; fileRef = 18F8DEDD25DA0D40006F5F32 /* WidgetConfigurationIntentHandler.swift */; };
		18F8DEEA25DA0DDC006F5F32 /* WidgetConfiguration.intentdefinition in Sources */ = {isa = PBXBuildFile; fileRef = 18CF1A4625D5F2A900B0C5C6 /* WidgetConfiguration.intentdefinition */; };
		18F8DF0025DA12BE006F5F32 /* View.swift in Sources */ = {isa = PBXBuildFile; fileRef = 18F8DEFF25DA12BE006F5F32 /* View.swift */; };
		18F8DF0725DA12F7006F5F32 /* Model.swift in Sources */ = {isa = PBXBuildFile; fileRef = 18F8DF0625DA12F7006F5F32 /* Model.swift */; };
		18F8DF1825DA1313006F5F32 /* Provider.swift in Sources */ = {isa = PBXBuildFile; fileRef = 18F8DF1725DA1313006F5F32 /* Provider.swift */; };
		18F8DF2425DB2A65006F5F32 /* AppGroupTarget.swift in Sources */ = {isa = PBXBuildFile; fileRef = 18F8DF2325DB2A65006F5F32 /* AppGroupTarget.swift */; };
		18F8DF2525DB2A65006F5F32 /* AppGroupTarget.swift in Sources */ = {isa = PBXBuildFile; fileRef = 18F8DF2325DB2A65006F5F32 /* AppGroupTarget.swift */; };
		18F8DF2625DB2A65006F5F32 /* AppGroupTarget.swift in Sources */ = {isa = PBXBuildFile; fileRef = 18F8DF2325DB2A65006F5F32 /* AppGroupTarget.swift */; };
		18F8DF8025DB5171006F5F32 /* MockWidgetStore.json in Resources */ = {isa = PBXBuildFile; fileRef = 18F8DF7F25DB5171006F5F32 /* MockWidgetStore.json */; };
		ACD1994B8BE7941535ECB1B6 /* Pods_AnApp.framework in Frameworks */ = {isa = PBXBuildFile; fileRef = 69C45C1371C33E5C31B30F0D /* Pods_AnApp.framework */; };
/* End PBXBuildFile section */

/* Begin PBXContainerItemProxy section */
		187E6221259D1B7100BB4A51 /* PBXContainerItemProxy */ = {
			isa = PBXContainerItemProxy;
			containerPortal = 187E6202259D1B6E00BB4A51 /* Project object */;
			proxyType = 1;
			remoteGlobalIDString = 187E6209259D1B6E00BB4A51;
			remoteInfo = AnApp;
		};
		187E622C259D1B7100BB4A51 /* PBXContainerItemProxy */ = {
			isa = PBXContainerItemProxy;
			containerPortal = 187E6202259D1B6E00BB4A51 /* Project object */;
			proxyType = 1;
			remoteGlobalIDString = 187E6209259D1B6E00BB4A51;
			remoteInfo = AnApp;
		};
		18CF1A4C25D5F2AB00B0C5C6 /* PBXContainerItemProxy */ = {
			isa = PBXContainerItemProxy;
			containerPortal = 187E6202259D1B6E00BB4A51 /* Project object */;
			proxyType = 1;
			remoteGlobalIDString = 18CF1A3F25D5F2A900B0C5C6;
			remoteInfo = AConfigurableWidgetExtension;
		};
		18ED072625B4D037001ACD09 /* PBXContainerItemProxy */ = {
			isa = PBXContainerItemProxy;
			containerPortal = 187E6202259D1B6E00BB4A51 /* Project object */;
			proxyType = 1;
			remoteGlobalIDString = 18ED071C25B4D036001ACD09;
			remoteInfo = AWidgetExtension;
		};
		18F8DEC825DA0C50006F5F32 /* PBXContainerItemProxy */ = {
			isa = PBXContainerItemProxy;
			containerPortal = 187E6202259D1B6E00BB4A51 /* Project object */;
			proxyType = 1;
			remoteGlobalIDString = 18F8DEC125DA0C50006F5F32;
			remoteInfo = IntentHandlerProvider;
		};
/* End PBXContainerItemProxy section */

/* Begin PBXCopyFilesBuildPhase section */
		18ED043A25A50C6E001ACD09 /* Embed Frameworks */ = {
			isa = PBXCopyFilesBuildPhase;
			buildActionMask = 2147483647;
			dstPath = "";
			dstSubfolderSpec = 10;
			files = (
				18ED043925A50C6E001ACD09 /* Utility.framework in Embed Frameworks */,
				18ED043725A50C6E001ACD09 /* AnAppUIKit.framework in Embed Frameworks */,
				18ED043525A50C6E001ACD09 /* AnAppKit.framework in Embed Frameworks */,
			);
			name = "Embed Frameworks";
			runOnlyForDeploymentPostprocessing = 0;
		};
		18ED06F625B4CF31001ACD09 /* Embed App Extensions */ = {
			isa = PBXCopyFilesBuildPhase;
			buildActionMask = 2147483647;
			dstPath = "";
			dstSubfolderSpec = 13;
			files = (
				18ED072825B4D037001ACD09 /* AWidget.appex in Embed App Extensions */,
				18F8DECA25DA0C50006F5F32 /* IntentHandlerProvider.appex in Embed App Extensions */,
				18CF1A4E25D5F2AB00B0C5C6 /* AConfigurableWidget.appex in Embed App Extensions */,
			);
			name = "Embed App Extensions";
			runOnlyForDeploymentPostprocessing = 0;
		};
/* End PBXCopyFilesBuildPhase section */

/* Begin PBXFileReference section */
		187E620A259D1B6E00BB4A51 /* AnApp.app */ = {isa = PBXFileReference; explicitFileType = wrapper.application; includeInIndex = 0; path = AnApp.app; sourceTree = BUILT_PRODUCTS_DIR; };
		187E620D259D1B6E00BB4A51 /* AppDelegate.swift */ = {isa = PBXFileReference; lastKnownFileType = sourcecode.swift; path = AppDelegate.swift; sourceTree = "<group>"; };
		187E620F259D1B6E00BB4A51 /* SceneDelegate.swift */ = {isa = PBXFileReference; lastKnownFileType = sourcecode.swift; path = SceneDelegate.swift; sourceTree = "<group>"; };
		187E6216259D1B7100BB4A51 /* Assets.xcassets */ = {isa = PBXFileReference; lastKnownFileType = folder.assetcatalog; path = Assets.xcassets; sourceTree = "<group>"; };
		187E6219259D1B7100BB4A51 /* Base */ = {isa = PBXFileReference; lastKnownFileType = file.storyboard; name = Base; path = Base.lproj/LaunchScreen.storyboard; sourceTree = "<group>"; };
		187E621B259D1B7100BB4A51 /* Info.plist */ = {isa = PBXFileReference; lastKnownFileType = text.plist.xml; path = Info.plist; sourceTree = "<group>"; };
		187E6220259D1B7100BB4A51 /* AnAppTests.xctest */ = {isa = PBXFileReference; explicitFileType = wrapper.cfbundle; includeInIndex = 0; path = AnAppTests.xctest; sourceTree = BUILT_PRODUCTS_DIR; };
		187E6224259D1B7100BB4A51 /* AnAppTests.swift */ = {isa = PBXFileReference; lastKnownFileType = sourcecode.swift; path = AnAppTests.swift; sourceTree = "<group>"; };
		187E6226259D1B7100BB4A51 /* Info.plist */ = {isa = PBXFileReference; lastKnownFileType = text.plist.xml; path = Info.plist; sourceTree = "<group>"; };
		187E622B259D1B7100BB4A51 /* AnAppUITests.xctest */ = {isa = PBXFileReference; explicitFileType = wrapper.cfbundle; includeInIndex = 0; path = AnAppUITests.xctest; sourceTree = BUILT_PRODUCTS_DIR; };
		187E622F259D1B7100BB4A51 /* AnAppUITests.swift */ = {isa = PBXFileReference; lastKnownFileType = sourcecode.swift; path = AnAppUITests.swift; sourceTree = "<group>"; };
		187E6231259D1B7100BB4A51 /* Info.plist */ = {isa = PBXFileReference; lastKnownFileType = text.plist.xml; path = Info.plist; sourceTree = "<group>"; };
		18CF1A1025D5DE3500B0C5C6 /* Provider.swift */ = {isa = PBXFileReference; lastKnownFileType = sourcecode.swift; path = Provider.swift; sourceTree = "<group>"; };
		18CF1A1525D5DE5C00B0C5C6 /* View.swift */ = {isa = PBXFileReference; lastKnownFileType = sourcecode.swift; path = View.swift; sourceTree = "<group>"; };
		18CF1A2125D5DED600B0C5C6 /* Model.swift */ = {isa = PBXFileReference; lastKnownFileType = sourcecode.swift; path = Model.swift; sourceTree = "<group>"; };
		18CF1A4025D5F2A900B0C5C6 /* AConfigurableWidget.appex */ = {isa = PBXFileReference; explicitFileType = "wrapper.app-extension"; includeInIndex = 0; path = AConfigurableWidget.appex; sourceTree = BUILT_PRODUCTS_DIR; };
		18CF1A4425D5F2A900B0C5C6 /* Widget.swift */ = {isa = PBXFileReference; lastKnownFileType = sourcecode.swift; path = Widget.swift; sourceTree = "<group>"; };
		18CF1A4625D5F2A900B0C5C6 /* WidgetConfiguration.intentdefinition */ = {isa = PBXFileReference; lastKnownFileType = file.intentdefinition; path = WidgetConfiguration.intentdefinition; sourceTree = "<group>"; };
		18CF1A4725D5F2AB00B0C5C6 /* Assets.xcassets */ = {isa = PBXFileReference; lastKnownFileType = folder.assetcatalog; path = Assets.xcassets; sourceTree = "<group>"; };
		18CF1A4925D5F2AB00B0C5C6 /* Info.plist */ = {isa = PBXFileReference; lastKnownFileType = text.plist.xml; path = Info.plist; sourceTree = "<group>"; };
		18ED03EE25A506AB001ACD09 /* AppDependencyContainer.swift */ = {isa = PBXFileReference; fileEncoding = 4; lastKnownFileType = sourcecode.swift; path = AppDependencyContainer.swift; sourceTree = "<group>"; };
		18ED03F125A506AB001ACD09 /* UserList+TableView.swift */ = {isa = PBXFileReference; fileEncoding = 4; lastKnownFileType = sourcecode.swift; path = "UserList+TableView.swift"; sourceTree = "<group>"; };
		18ED03F225A506AB001ACD09 /* UserListDependencyContainer.swift */ = {isa = PBXFileReference; fileEncoding = 4; lastKnownFileType = sourcecode.swift; path = UserListDependencyContainer.swift; sourceTree = "<group>"; };
		18ED03F325A506AB001ACD09 /* UserListViewController.swift */ = {isa = PBXFileReference; fileEncoding = 4; lastKnownFileType = sourcecode.swift; path = UserListViewController.swift; sourceTree = "<group>"; };
		18ED03F425A506AB001ACD09 /* UserList.storyboard */ = {isa = PBXFileReference; fileEncoding = 4; lastKnownFileType = file.storyboard; path = UserList.storyboard; sourceTree = "<group>"; };
		18ED03F625A506AB001ACD09 /* Profile.storyboard */ = {isa = PBXFileReference; fileEncoding = 4; lastKnownFileType = file.storyboard; path = Profile.storyboard; sourceTree = "<group>"; };
		18ED03F825A506AB001ACD09 /* Base */ = {isa = PBXFileReference; lastKnownFileType = file.storyboard; name = Base; path = Base.lproj/Home.storyboard; sourceTree = "<group>"; };
		18ED03FA25A506AB001ACD09 /* AddUser.storyboard */ = {isa = PBXFileReference; fileEncoding = 4; lastKnownFileType = file.storyboard; path = AddUser.storyboard; sourceTree = "<group>"; };
		18ED03FB25A506AB001ACD09 /* AddUserViewController.swift */ = {isa = PBXFileReference; fileEncoding = 4; lastKnownFileType = sourcecode.swift; path = AddUserViewController.swift; sourceTree = "<group>"; };
		18ED03FC25A506AB001ACD09 /* AddUserViewModel.swift */ = {isa = PBXFileReference; fileEncoding = 4; lastKnownFileType = sourcecode.swift; path = AddUserViewModel.swift; sourceTree = "<group>"; };
		18ED03FD25A506AB001ACD09 /* HomeTabBarViewController.swift */ = {isa = PBXFileReference; fileEncoding = 4; lastKnownFileType = sourcecode.swift; path = HomeTabBarViewController.swift; sourceTree = "<group>"; };
		18ED03FF25A506AB001ACD09 /* SortUser.storyboard */ = {isa = PBXFileReference; fileEncoding = 4; lastKnownFileType = file.storyboard; path = SortUser.storyboard; sourceTree = "<group>"; };
		18ED040025A506AB001ACD09 /* SortFieldsViewModel.swift */ = {isa = PBXFileReference; fileEncoding = 4; lastKnownFileType = sourcecode.swift; path = SortFieldsViewModel.swift; sourceTree = "<group>"; };
		18ED040125A506AB001ACD09 /* SortFieldsTableViewController.swift */ = {isa = PBXFileReference; fileEncoding = 4; lastKnownFileType = sourcecode.swift; path = SortFieldsTableViewController.swift; sourceTree = "<group>"; };
		18ED043125A50C6E001ACD09 /* AnAppKit.framework */ = {isa = PBXFileReference; explicitFileType = wrapper.framework; path = AnAppKit.framework; sourceTree = BUILT_PRODUCTS_DIR; };
		18ED043225A50C6E001ACD09 /* AnAppUIKit.framework */ = {isa = PBXFileReference; explicitFileType = wrapper.framework; path = AnAppUIKit.framework; sourceTree = BUILT_PRODUCTS_DIR; };
		18ED043325A50C6E001ACD09 /* Utility.framework */ = {isa = PBXFileReference; explicitFileType = wrapper.framework; path = Utility.framework; sourceTree = BUILT_PRODUCTS_DIR; };
		18ED062E25A64B3C001ACD09 /* LaunchViewController.swift */ = {isa = PBXFileReference; lastKnownFileType = sourcecode.swift; path = LaunchViewController.swift; sourceTree = "<group>"; };
		18ED063225A64B49001ACD09 /* MainViewController.swift */ = {isa = PBXFileReference; lastKnownFileType = sourcecode.swift; path = MainViewController.swift; sourceTree = "<group>"; };
		18ED063825A655B1001ACD09 /* LoginViewController.swift */ = {isa = PBXFileReference; lastKnownFileType = sourcecode.swift; path = LoginViewController.swift; sourceTree = "<group>"; };
		18ED063E25A65B8C001ACD09 /* ProfileViewController.swift */ = {isa = PBXFileReference; lastKnownFileType = sourcecode.swift; path = ProfileViewController.swift; sourceTree = "<group>"; };
		18ED064B25A6959B001ACD09 /* Login.storyboard */ = {isa = PBXFileReference; lastKnownFileType = file.storyboard; path = Login.storyboard; sourceTree = "<group>"; };
		18ED068025ABF810001ACD09 /* ProfilePresenter.swift */ = {isa = PBXFileReference; lastKnownFileType = sourcecode.swift; path = ProfilePresenter.swift; sourceTree = "<group>"; };
		18ED068425ABF9FE001ACD09 /* LaunchPresenter.swift */ = {isa = PBXFileReference; lastKnownFileType = sourcecode.swift; path = LaunchPresenter.swift; sourceTree = "<group>"; };
		18ED068925ABFE59001ACD09 /* MainPresenter.swift */ = {isa = PBXFileReference; lastKnownFileType = sourcecode.swift; path = MainPresenter.swift; sourceTree = "<group>"; };
		18ED06AA25AC01BD001ACD09 /* Main.storyboard */ = {isa = PBXFileReference; lastKnownFileType = file.storyboard; path = Main.storyboard; sourceTree = "<group>"; };
		18ED06AE25AC0237001ACD09 /* Launch.storyboard */ = {isa = PBXFileReference; lastKnownFileType = file.storyboard; path = Launch.storyboard; sourceTree = "<group>"; };
		18ED06B425ACD8DB001ACD09 /* ViewControllerFactory.swift */ = {isa = PBXFileReference; lastKnownFileType = sourcecode.swift; path = ViewControllerFactory.swift; sourceTree = "<group>"; };
		18ED06BA25ACE76C001ACD09 /* UserListPresenter.swift */ = {isa = PBXFileReference; lastKnownFileType = sourcecode.swift; path = UserListPresenter.swift; sourceTree = "<group>"; };
		18ED06C025ACF3EE001ACD09 /* LoginPresenter.swift */ = {isa = PBXFileReference; lastKnownFileType = sourcecode.swift; path = LoginPresenter.swift; sourceTree = "<group>"; };
		18ED06C425ACF7ED001ACD09 /* AnAppRelease.entitlements */ = {isa = PBXFileReference; lastKnownFileType = text.plist.entitlements; path = AnAppRelease.entitlements; sourceTree = "<group>"; };
		18ED06E325B4CF2E001ACD09 /* WidgetKit.framework */ = {isa = PBXFileReference; lastKnownFileType = wrapper.framework; name = WidgetKit.framework; path = System/Library/Frameworks/WidgetKit.framework; sourceTree = SDKROOT; };
		18ED06E525B4CF2E001ACD09 /* SwiftUI.framework */ = {isa = PBXFileReference; lastKnownFileType = wrapper.framework; name = SwiftUI.framework; path = System/Library/Frameworks/SwiftUI.framework; sourceTree = SDKROOT; };
		18ED071D25B4D036001ACD09 /* AWidget.appex */ = {isa = PBXFileReference; explicitFileType = "wrapper.app-extension"; includeInIndex = 0; path = AWidget.appex; sourceTree = BUILT_PRODUCTS_DIR; };
		18ED072125B4D036001ACD09 /* Widget.swift */ = {isa = PBXFileReference; lastKnownFileType = sourcecode.swift; path = Widget.swift; sourceTree = "<group>"; };
		18ED072325B4D037001ACD09 /* Assets.xcassets */ = {isa = PBXFileReference; lastKnownFileType = folder.assetcatalog; path = Assets.xcassets; sourceTree = "<group>"; };
		18ED072525B4D037001ACD09 /* Info.plist */ = {isa = PBXFileReference; lastKnownFileType = text.plist.xml; path = Info.plist; sourceTree = "<group>"; };
		18F8DDFB25D9FDEC006F5F32 /* Intents.framework */ = {isa = PBXFileReference; lastKnownFileType = wrapper.framework; name = Intents.framework; path = System/Library/Frameworks/Intents.framework; sourceTree = SDKROOT; };
		18F8DE0625D9FDEC006F5F32 /* IntentsUI.framework */ = {isa = PBXFileReference; lastKnownFileType = wrapper.framework; name = IntentsUI.framework; path = System/Library/Frameworks/IntentsUI.framework; sourceTree = SDKROOT; };
		18F8DEC225DA0C50006F5F32 /* IntentHandlerProvider.appex */ = {isa = PBXFileReference; explicitFileType = "wrapper.app-extension"; includeInIndex = 0; path = IntentHandlerProvider.appex; sourceTree = BUILT_PRODUCTS_DIR; };
		18F8DEC525DA0C50006F5F32 /* IntentHandler.swift */ = {isa = PBXFileReference; lastKnownFileType = sourcecode.swift; path = IntentHandler.swift; sourceTree = "<group>"; };
		18F8DEC725DA0C50006F5F32 /* Info.plist */ = {isa = PBXFileReference; lastKnownFileType = text.plist.xml; path = Info.plist; sourceTree = "<group>"; };
		18F8DEDD25DA0D40006F5F32 /* WidgetConfigurationIntentHandler.swift */ = {isa = PBXFileReference; lastKnownFileType = sourcecode.swift; path = WidgetConfigurationIntentHandler.swift; sourceTree = "<group>"; };
		18F8DEFF25DA12BE006F5F32 /* View.swift */ = {isa = PBXFileReference; lastKnownFileType = sourcecode.swift; path = View.swift; sourceTree = "<group>"; };
		18F8DF0625DA12F7006F5F32 /* Model.swift */ = {isa = PBXFileReference; lastKnownFileType = sourcecode.swift; path = Model.swift; sourceTree = "<group>"; };
		18F8DF1725DA1313006F5F32 /* Provider.swift */ = {isa = PBXFileReference; lastKnownFileType = sourcecode.swift; path = Provider.swift; sourceTree = "<group>"; };
		18F8DF2325DB2A65006F5F32 /* AppGroupTarget.swift */ = {isa = PBXFileReference; lastKnownFileType = sourcecode.swift; path = AppGroupTarget.swift; sourceTree = "<group>"; };
		18F8DF7F25DB5171006F5F32 /* MockWidgetStore.json */ = {isa = PBXFileReference; lastKnownFileType = text.json; path = MockWidgetStore.json; sourceTree = "<group>"; };
		67DA041B409C4EC79C111787 /* Pods-AnApp.release.xcconfig */ = {isa = PBXFileReference; includeInIndex = 1; lastKnownFileType = text.xcconfig; name = "Pods-AnApp.release.xcconfig"; path = "Target Support Files/Pods-AnApp/Pods-AnApp.release.xcconfig"; sourceTree = "<group>"; };
		69C45C1371C33E5C31B30F0D /* Pods_AnApp.framework */ = {isa = PBXFileReference; explicitFileType = wrapper.framework; includeInIndex = 0; path = Pods_AnApp.framework; sourceTree = BUILT_PRODUCTS_DIR; };
		EB853B667952DE4901E4968B /* Pods-AnApp.debug.xcconfig */ = {isa = PBXFileReference; includeInIndex = 1; lastKnownFileType = text.xcconfig; name = "Pods-AnApp.debug.xcconfig"; path = "Target Support Files/Pods-AnApp/Pods-AnApp.debug.xcconfig"; sourceTree = "<group>"; };
/* End PBXFileReference section */

/* Begin PBXFrameworksBuildPhase section */
		187E6207259D1B6E00BB4A51 /* Frameworks */ = {
			isa = PBXFrameworksBuildPhase;
			buildActionMask = 2147483647;
			files = (
				18ED043425A50C6E001ACD09 /* AnAppKit.framework in Frameworks */,
				18ED043825A50C6E001ACD09 /* Utility.framework in Frameworks */,
				18ED043625A50C6E001ACD09 /* AnAppUIKit.framework in Frameworks */,
				ACD1994B8BE7941535ECB1B6 /* Pods_AnApp.framework in Frameworks */,
			);
			runOnlyForDeploymentPostprocessing = 0;
		};
		187E621D259D1B7100BB4A51 /* Frameworks */ = {
			isa = PBXFrameworksBuildPhase;
			buildActionMask = 2147483647;
			files = (
			);
			runOnlyForDeploymentPostprocessing = 0;
		};
		187E6228259D1B7100BB4A51 /* Frameworks */ = {
			isa = PBXFrameworksBuildPhase;
			buildActionMask = 2147483647;
			files = (
			);
			runOnlyForDeploymentPostprocessing = 0;
		};
		18CF1A3D25D5F2A900B0C5C6 /* Frameworks */ = {
			isa = PBXFrameworksBuildPhase;
			buildActionMask = 2147483647;
			files = (
				18CF1A4225D5F2A900B0C5C6 /* SwiftUI.framework in Frameworks */,
				18CF1A4125D5F2A900B0C5C6 /* WidgetKit.framework in Frameworks */,
			);
			runOnlyForDeploymentPostprocessing = 0;
		};
		18ED071A25B4D036001ACD09 /* Frameworks */ = {
			isa = PBXFrameworksBuildPhase;
			buildActionMask = 2147483647;
			files = (
				18ED071F25B4D036001ACD09 /* SwiftUI.framework in Frameworks */,
				18ED071E25B4D036001ACD09 /* WidgetKit.framework in Frameworks */,
			);
			runOnlyForDeploymentPostprocessing = 0;
		};
		18F8DEBF25DA0C50006F5F32 /* Frameworks */ = {
			isa = PBXFrameworksBuildPhase;
			buildActionMask = 2147483647;
			files = (
				18F8DEC325DA0C50006F5F32 /* Intents.framework in Frameworks */,
			);
			runOnlyForDeploymentPostprocessing = 0;
		};
/* End PBXFrameworksBuildPhase section */

/* Begin PBXGroup section */
		187E6201259D1B6E00BB4A51 = {
			isa = PBXGroup;
			children = (
				187E620C259D1B6E00BB4A51 /* AnApp */,
				187E6223259D1B7100BB4A51 /* AnAppTests */,
				187E622E259D1B7100BB4A51 /* AnAppUITests */,
				18ED072025B4D036001ACD09 /* AWidget */,
				18CF1A4325D5F2A900B0C5C6 /* AConfigurableWidget */,
				18F8DEC425DA0C50006F5F32 /* IntentHandlerProvider */,
				187E620B259D1B6E00BB4A51 /* Products */,
				CBDD49AEB3AE95F51230CA07 /* Frameworks */,
				EDC0EA0FAB60826DD667D94C /* Pods */,
			);
			sourceTree = "<group>";
		};
		187E620B259D1B6E00BB4A51 /* Products */ = {
			isa = PBXGroup;
			children = (
				187E620A259D1B6E00BB4A51 /* AnApp.app */,
				187E6220259D1B7100BB4A51 /* AnAppTests.xctest */,
				187E622B259D1B7100BB4A51 /* AnAppUITests.xctest */,
				18ED071D25B4D036001ACD09 /* AWidget.appex */,
				18CF1A4025D5F2A900B0C5C6 /* AConfigurableWidget.appex */,
				18F8DEC225DA0C50006F5F32 /* IntentHandlerProvider.appex */,
			);
			name = Products;
			sourceTree = "<group>";
		};
		187E620C259D1B6E00BB4A51 /* AnApp */ = {
			isa = PBXGroup;
			children = (
				187E620D259D1B6E00BB4A51 /* AppDelegate.swift */,
				187E620F259D1B6E00BB4A51 /* SceneDelegate.swift */,
				18F8DF2325DB2A65006F5F32 /* AppGroupTarget.swift */,
				18ED06CE25AD06A3001ACD09 /* DI */,
				18ED03ED25A506AB001ACD09 /* Scenes */,
				187E6216259D1B7100BB4A51 /* Assets.xcassets */,
				187E6218259D1B7100BB4A51 /* LaunchScreen.storyboard */,
				18ED06C425ACF7ED001ACD09 /* AnAppRelease.entitlements */,
				187E621B259D1B7100BB4A51 /* Info.plist */,
			);
			path = AnApp;
			sourceTree = "<group>";
		};
		187E6223259D1B7100BB4A51 /* AnAppTests */ = {
			isa = PBXGroup;
			children = (
				187E6224259D1B7100BB4A51 /* AnAppTests.swift */,
				187E6226259D1B7100BB4A51 /* Info.plist */,
			);
			path = AnAppTests;
			sourceTree = "<group>";
		};
		187E622E259D1B7100BB4A51 /* AnAppUITests */ = {
			isa = PBXGroup;
			children = (
				187E622F259D1B7100BB4A51 /* AnAppUITests.swift */,
				187E6231259D1B7100BB4A51 /* Info.plist */,
			);
			path = AnAppUITests;
			sourceTree = "<group>";
		};
		18CF1A4325D5F2A900B0C5C6 /* AConfigurableWidget */ = {
			isa = PBXGroup;
			children = (
				18CF1A4425D5F2A900B0C5C6 /* Widget.swift */,
				18F8DEFF25DA12BE006F5F32 /* View.swift */,
				18F8DF1725DA1313006F5F32 /* Provider.swift */,
				18F8DF0625DA12F7006F5F32 /* Model.swift */,
				18F8DEDD25DA0D40006F5F32 /* WidgetConfigurationIntentHandler.swift */,
				18CF1A4625D5F2A900B0C5C6 /* WidgetConfiguration.intentdefinition */,
				18CF1A4725D5F2AB00B0C5C6 /* Assets.xcassets */,
				18CF1A4925D5F2AB00B0C5C6 /* Info.plist */,
				18F8DF7F25DB5171006F5F32 /* MockWidgetStore.json */,
			);
			path = AConfigurableWidget;
			sourceTree = "<group>";
		};
		18ED03ED25A506AB001ACD09 /* Scenes */ = {
			isa = PBXGroup;
			children = (
				18ED068825ABFE42001ACD09 /* Main */,
				18ED064625A69359001ACD09 /* Launch */,
				18ED064425A6923B001ACD09 /* Login */,
				18ED064525A69346001ACD09 /* Home */,
				18ED03EF25A506AB001ACD09 /* User list */,
				18ED03F525A506AB001ACD09 /* User Profile */,
				18ED03F925A506AB001ACD09 /* Add user */,
				18ED03FE25A506AB001ACD09 /* Sort user */,
			);
			path = Scenes;
			sourceTree = "<group>";
		};
		18ED03EF25A506AB001ACD09 /* User list */ = {
			isa = PBXGroup;
			children = (
				18ED03F425A506AB001ACD09 /* UserList.storyboard */,
				18ED03F325A506AB001ACD09 /* UserListViewController.swift */,
				18ED03F125A506AB001ACD09 /* UserList+TableView.swift */,
				18ED06BA25ACE76C001ACD09 /* UserListPresenter.swift */,
			);
			path = "User list";
			sourceTree = "<group>";
		};
		18ED03F525A506AB001ACD09 /* User Profile */ = {
			isa = PBXGroup;
			children = (
				18ED03F625A506AB001ACD09 /* Profile.storyboard */,
				18ED063E25A65B8C001ACD09 /* ProfileViewController.swift */,
				18ED068025ABF810001ACD09 /* ProfilePresenter.swift */,
			);
			path = "User Profile";
			sourceTree = "<group>";
		};
		18ED03F925A506AB001ACD09 /* Add user */ = {
			isa = PBXGroup;
			children = (
				18ED03FA25A506AB001ACD09 /* AddUser.storyboard */,
				18ED03FB25A506AB001ACD09 /* AddUserViewController.swift */,
				18ED03FC25A506AB001ACD09 /* AddUserViewModel.swift */,
			);
			path = "Add user";
			sourceTree = "<group>";
		};
		18ED03FE25A506AB001ACD09 /* Sort user */ = {
			isa = PBXGroup;
			children = (
				18ED03FF25A506AB001ACD09 /* SortUser.storyboard */,
				18ED040025A506AB001ACD09 /* SortFieldsViewModel.swift */,
				18ED040125A506AB001ACD09 /* SortFieldsTableViewController.swift */,
			);
			path = "Sort user";
			sourceTree = "<group>";
		};
		18ED064425A6923B001ACD09 /* Login */ = {
			isa = PBXGroup;
			children = (
				18ED064B25A6959B001ACD09 /* Login.storyboard */,
				18ED063825A655B1001ACD09 /* LoginViewController.swift */,
				18ED06C025ACF3EE001ACD09 /* LoginPresenter.swift */,
			);
			path = Login;
			sourceTree = "<group>";
		};
		18ED064525A69346001ACD09 /* Home */ = {
			isa = PBXGroup;
			children = (
				18ED03F725A506AB001ACD09 /* Home.storyboard */,
				18ED03FD25A506AB001ACD09 /* HomeTabBarViewController.swift */,
			);
			path = Home;
			sourceTree = "<group>";
		};
		18ED064625A69359001ACD09 /* Launch */ = {
			isa = PBXGroup;
			children = (
				18ED06AE25AC0237001ACD09 /* Launch.storyboard */,
				18ED062E25A64B3C001ACD09 /* LaunchViewController.swift */,
				18ED068425ABF9FE001ACD09 /* LaunchPresenter.swift */,
			);
			path = Launch;
			sourceTree = "<group>";
		};
		18ED068825ABFE42001ACD09 /* Main */ = {
			isa = PBXGroup;
			children = (
				18ED06AA25AC01BD001ACD09 /* Main.storyboard */,
				18ED063225A64B49001ACD09 /* MainViewController.swift */,
				18ED068925ABFE59001ACD09 /* MainPresenter.swift */,
			);
			path = Main;
			sourceTree = "<group>";
		};
		18ED06CE25AD06A3001ACD09 /* DI */ = {
			isa = PBXGroup;
			children = (
				18ED03EE25A506AB001ACD09 /* AppDependencyContainer.swift */,
				18ED06B425ACD8DB001ACD09 /* ViewControllerFactory.swift */,
				18ED03F225A506AB001ACD09 /* UserListDependencyContainer.swift */,
			);
			path = DI;
			sourceTree = "<group>";
		};
		18ED072025B4D036001ACD09 /* AWidget */ = {
			isa = PBXGroup;
			children = (
				18ED072125B4D036001ACD09 /* Widget.swift */,
				18CF1A1525D5DE5C00B0C5C6 /* View.swift */,
				18CF1A1025D5DE3500B0C5C6 /* Provider.swift */,
				18CF1A2125D5DED600B0C5C6 /* Model.swift */,
				18ED072325B4D037001ACD09 /* Assets.xcassets */,
				18ED072525B4D037001ACD09 /* Info.plist */,
			);
			path = AWidget;
			sourceTree = "<group>";
		};
		18F8DEC425DA0C50006F5F32 /* IntentHandlerProvider */ = {
			isa = PBXGroup;
			children = (
				18F8DEC525DA0C50006F5F32 /* IntentHandler.swift */,
				18F8DEC725DA0C50006F5F32 /* Info.plist */,
			);
			path = IntentHandlerProvider;
			sourceTree = "<group>";
		};
		CBDD49AEB3AE95F51230CA07 /* Frameworks */ = {
			isa = PBXGroup;
			children = (
				18ED043125A50C6E001ACD09 /* AnAppKit.framework */,
				18ED043225A50C6E001ACD09 /* AnAppUIKit.framework */,
				18ED043325A50C6E001ACD09 /* Utility.framework */,
				69C45C1371C33E5C31B30F0D /* Pods_AnApp.framework */,
				18ED06E325B4CF2E001ACD09 /* WidgetKit.framework */,
				18ED06E525B4CF2E001ACD09 /* SwiftUI.framework */,
				18F8DDFB25D9FDEC006F5F32 /* Intents.framework */,
				18F8DE0625D9FDEC006F5F32 /* IntentsUI.framework */,
			);
			name = Frameworks;
			sourceTree = "<group>";
		};
		EDC0EA0FAB60826DD667D94C /* Pods */ = {
			isa = PBXGroup;
			children = (
				EB853B667952DE4901E4968B /* Pods-AnApp.debug.xcconfig */,
				67DA041B409C4EC79C111787 /* Pods-AnApp.release.xcconfig */,
			);
			name = Pods;
			path = ../Pods;
			sourceTree = "<group>";
		};
/* End PBXGroup section */

/* Begin PBXNativeTarget section */
		187E6209259D1B6E00BB4A51 /* AnApp */ = {
			isa = PBXNativeTarget;
			buildConfigurationList = 187E6234259D1B7100BB4A51 /* Build configuration list for PBXNativeTarget "AnApp" */;
			buildPhases = (
				1B206E7258F335674F5595A7 /* [CP] Check Pods Manifest.lock */,
				187E6206259D1B6E00BB4A51 /* Sources */,
				187E6207259D1B6E00BB4A51 /* Frameworks */,
				187E6208259D1B6E00BB4A51 /* Resources */,
				18ED043A25A50C6E001ACD09 /* Embed Frameworks */,
				29FB7B043FA15C187B9FD1E4 /* [CP] Embed Pods Frameworks */,
				84B262053C55C6BA39C26B43 /* [CP] Copy Pods Resources */,
				18ED06F625B4CF31001ACD09 /* Embed App Extensions */,
			);
			buildRules = (
			);
			dependencies = (
				18ED072725B4D037001ACD09 /* PBXTargetDependency */,
				18CF1A4D25D5F2AB00B0C5C6 /* PBXTargetDependency */,
				18F8DEC925DA0C50006F5F32 /* PBXTargetDependency */,
			);
			name = AnApp;
			productName = AnApp;
			productReference = 187E620A259D1B6E00BB4A51 /* AnApp.app */;
			productType = "com.apple.product-type.application";
		};
		187E621F259D1B7100BB4A51 /* AnAppTests */ = {
			isa = PBXNativeTarget;
			buildConfigurationList = 187E6237259D1B7100BB4A51 /* Build configuration list for PBXNativeTarget "AnAppTests" */;
			buildPhases = (
				187E621C259D1B7100BB4A51 /* Sources */,
				187E621D259D1B7100BB4A51 /* Frameworks */,
				187E621E259D1B7100BB4A51 /* Resources */,
			);
			buildRules = (
			);
			dependencies = (
				187E6222259D1B7100BB4A51 /* PBXTargetDependency */,
			);
			name = AnAppTests;
			productName = AnAppTests;
			productReference = 187E6220259D1B7100BB4A51 /* AnAppTests.xctest */;
			productType = "com.apple.product-type.bundle.unit-test";
		};
		187E622A259D1B7100BB4A51 /* AnAppUITests */ = {
			isa = PBXNativeTarget;
			buildConfigurationList = 187E623A259D1B7100BB4A51 /* Build configuration list for PBXNativeTarget "AnAppUITests" */;
			buildPhases = (
				187E6227259D1B7100BB4A51 /* Sources */,
				187E6228259D1B7100BB4A51 /* Frameworks */,
				187E6229259D1B7100BB4A51 /* Resources */,
			);
			buildRules = (
			);
			dependencies = (
				187E622D259D1B7100BB4A51 /* PBXTargetDependency */,
			);
			name = AnAppUITests;
			productName = AnAppUITests;
			productReference = 187E622B259D1B7100BB4A51 /* AnAppUITests.xctest */;
			productType = "com.apple.product-type.bundle.ui-testing";
		};
		18CF1A3F25D5F2A900B0C5C6 /* AConfigurableWidget */ = {
			isa = PBXNativeTarget;
			buildConfigurationList = 18CF1A4F25D5F2AB00B0C5C6 /* Build configuration list for PBXNativeTarget "AConfigurableWidget" */;
			buildPhases = (
				18CF1A3C25D5F2A900B0C5C6 /* Sources */,
				18CF1A3D25D5F2A900B0C5C6 /* Frameworks */,
				18CF1A3E25D5F2A900B0C5C6 /* Resources */,
			);
			buildRules = (
			);
			dependencies = (
			);
			name = AConfigurableWidget;
			productName = AConfigurableWidgetExtension;
			productReference = 18CF1A4025D5F2A900B0C5C6 /* AConfigurableWidget.appex */;
			productType = "com.apple.product-type.app-extension";
		};
		18ED071C25B4D036001ACD09 /* AWidget */ = {
			isa = PBXNativeTarget;
			buildConfigurationList = 18ED072925B4D037001ACD09 /* Build configuration list for PBXNativeTarget "AWidget" */;
			buildPhases = (
				18ED071925B4D036001ACD09 /* Sources */,
				18ED071A25B4D036001ACD09 /* Frameworks */,
				18ED071B25B4D036001ACD09 /* Resources */,
			);
			buildRules = (
			);
			dependencies = (
			);
			name = AWidget;
			productName = AWidgetExtension;
			productReference = 18ED071D25B4D036001ACD09 /* AWidget.appex */;
			productType = "com.apple.product-type.app-extension";
		};
		18F8DEC125DA0C50006F5F32 /* IntentHandlerProvider */ = {
			isa = PBXNativeTarget;
			buildConfigurationList = 18F8DECB25DA0C50006F5F32 /* Build configuration list for PBXNativeTarget "IntentHandlerProvider" */;
			buildPhases = (
				18F8DEBE25DA0C50006F5F32 /* Sources */,
				18F8DEBF25DA0C50006F5F32 /* Frameworks */,
				18F8DEC025DA0C50006F5F32 /* Resources */,
			);
			buildRules = (
			);
			dependencies = (
			);
			name = IntentHandlerProvider;
			productName = IntentHandlerProvider;
			productReference = 18F8DEC225DA0C50006F5F32 /* IntentHandlerProvider.appex */;
			productType = "com.apple.product-type.app-extension";
		};
/* End PBXNativeTarget section */

/* Begin PBXProject section */
		187E6202259D1B6E00BB4A51 /* Project object */ = {
			isa = PBXProject;
			attributes = {
				LastSwiftUpdateCheck = 1240;
				LastUpgradeCheck = 1230;
				TargetAttributes = {
					187E6209259D1B6E00BB4A51 = {
						CreatedOnToolsVersion = 12.3;
					};
					187E621F259D1B7100BB4A51 = {
						CreatedOnToolsVersion = 12.3;
						TestTargetID = 187E6209259D1B6E00BB4A51;
					};
					187E622A259D1B7100BB4A51 = {
						CreatedOnToolsVersion = 12.3;
						TestTargetID = 187E6209259D1B6E00BB4A51;
					};
					18CF1A3F25D5F2A900B0C5C6 = {
						CreatedOnToolsVersion = 12.4;
					};
					18ED071C25B4D036001ACD09 = {
						CreatedOnToolsVersion = 12.3;
					};
					18F8DEC125DA0C50006F5F32 = {
						CreatedOnToolsVersion = 12.4;
					};
				};
			};
			buildConfigurationList = 187E6205259D1B6E00BB4A51 /* Build configuration list for PBXProject "AnApp" */;
			compatibilityVersion = "Xcode 9.3";
			developmentRegion = en;
			hasScannedForEncodings = 0;
			knownRegions = (
				en,
				Base,
			);
			mainGroup = 187E6201259D1B6E00BB4A51;
			productRefGroup = 187E620B259D1B6E00BB4A51 /* Products */;
			projectDirPath = "";
			projectRoot = "";
			targets = (
				187E6209259D1B6E00BB4A51 /* AnApp */,
				187E621F259D1B7100BB4A51 /* AnAppTests */,
				187E622A259D1B7100BB4A51 /* AnAppUITests */,
				18ED071C25B4D036001ACD09 /* AWidget */,
				18CF1A3F25D5F2A900B0C5C6 /* AConfigurableWidget */,
				18F8DEC125DA0C50006F5F32 /* IntentHandlerProvider */,
			);
		};
/* End PBXProject section */

/* Begin PBXResourcesBuildPhase section */
		187E6208259D1B6E00BB4A51 /* Resources */ = {
			isa = PBXResourcesBuildPhase;
			buildActionMask = 2147483647;
			files = (
				18ED064C25A6959B001ACD09 /* Login.storyboard in Resources */,
				18ED06AF25AC0237001ACD09 /* Launch.storyboard in Resources */,
				18ED040825A506AB001ACD09 /* Profile.storyboard in Resources */,
				18ED040E25A506AB001ACD09 /* SortUser.storyboard in Resources */,
				187E621A259D1B7100BB4A51 /* LaunchScreen.storyboard in Resources */,
				18ED040725A506AB001ACD09 /* UserList.storyboard in Resources */,
				18ED040925A506AB001ACD09 /* Home.storyboard in Resources */,
				18ED06AB25AC01BD001ACD09 /* Main.storyboard in Resources */,
				187E6217259D1B7100BB4A51 /* Assets.xcassets in Resources */,
				18ED040A25A506AB001ACD09 /* AddUser.storyboard in Resources */,
			);
			runOnlyForDeploymentPostprocessing = 0;
		};
		187E621E259D1B7100BB4A51 /* Resources */ = {
			isa = PBXResourcesBuildPhase;
			buildActionMask = 2147483647;
			files = (
			);
			runOnlyForDeploymentPostprocessing = 0;
		};
		187E6229259D1B7100BB4A51 /* Resources */ = {
			isa = PBXResourcesBuildPhase;
			buildActionMask = 2147483647;
			files = (
			);
			runOnlyForDeploymentPostprocessing = 0;
		};
		18CF1A3E25D5F2A900B0C5C6 /* Resources */ = {
			isa = PBXResourcesBuildPhase;
			buildActionMask = 2147483647;
			files = (
				18CF1A4825D5F2AB00B0C5C6 /* Assets.xcassets in Resources */,
				18F8DF8025DB5171006F5F32 /* MockWidgetStore.json in Resources */,
			);
			runOnlyForDeploymentPostprocessing = 0;
		};
		18ED071B25B4D036001ACD09 /* Resources */ = {
			isa = PBXResourcesBuildPhase;
			buildActionMask = 2147483647;
			files = (
				18ED072425B4D037001ACD09 /* Assets.xcassets in Resources */,
			);
			runOnlyForDeploymentPostprocessing = 0;
		};
		18F8DEC025DA0C50006F5F32 /* Resources */ = {
			isa = PBXResourcesBuildPhase;
			buildActionMask = 2147483647;
			files = (
			);
			runOnlyForDeploymentPostprocessing = 0;
		};
/* End PBXResourcesBuildPhase section */

/* Begin PBXShellScriptBuildPhase section */
		1B206E7258F335674F5595A7 /* [CP] Check Pods Manifest.lock */ = {
			isa = PBXShellScriptBuildPhase;
			buildActionMask = 2147483647;
			files = (
			);
			inputFileListPaths = (
			);
			inputPaths = (
				"${PODS_PODFILE_DIR_PATH}/Podfile.lock",
				"${PODS_ROOT}/Manifest.lock",
			);
			name = "[CP] Check Pods Manifest.lock";
			outputFileListPaths = (
			);
			outputPaths = (
				"$(DERIVED_FILE_DIR)/Pods-AnApp-checkManifestLockResult.txt",
			);
			runOnlyForDeploymentPostprocessing = 0;
			shellPath = /bin/sh;
			shellScript = "diff \"${PODS_PODFILE_DIR_PATH}/Podfile.lock\" \"${PODS_ROOT}/Manifest.lock\" > /dev/null\nif [ $? != 0 ] ; then\n    # print error to STDERR\n    echo \"error: The sandbox is not in sync with the Podfile.lock. Run 'pod install' or update your CocoaPods installation.\" >&2\n    exit 1\nfi\n# This output is used by Xcode 'outputs' to avoid re-running this script phase.\necho \"SUCCESS\" > \"${SCRIPT_OUTPUT_FILE_0}\"\n";
			showEnvVarsInLog = 0;
		};
		29FB7B043FA15C187B9FD1E4 /* [CP] Embed Pods Frameworks */ = {
			isa = PBXShellScriptBuildPhase;
			buildActionMask = 2147483647;
			files = (
			);
			inputFileListPaths = (
				"${PODS_ROOT}/Target Support Files/Pods-AnApp/Pods-AnApp-frameworks-${CONFIGURATION}-input-files.xcfilelist",
			);
			name = "[CP] Embed Pods Frameworks";
			outputFileListPaths = (
				"${PODS_ROOT}/Target Support Files/Pods-AnApp/Pods-AnApp-frameworks-${CONFIGURATION}-output-files.xcfilelist",
			);
			runOnlyForDeploymentPostprocessing = 0;
			shellPath = /bin/sh;
			shellScript = "\"${PODS_ROOT}/Target Support Files/Pods-AnApp/Pods-AnApp-frameworks.sh\"\n";
			showEnvVarsInLog = 0;
		};
		84B262053C55C6BA39C26B43 /* [CP] Copy Pods Resources */ = {
			isa = PBXShellScriptBuildPhase;
			buildActionMask = 2147483647;
			files = (
			);
			inputFileListPaths = (
				"${PODS_ROOT}/Target Support Files/Pods-AnApp/Pods-AnApp-resources-${CONFIGURATION}-input-files.xcfilelist",
			);
			name = "[CP] Copy Pods Resources";
			outputFileListPaths = (
				"${PODS_ROOT}/Target Support Files/Pods-AnApp/Pods-AnApp-resources-${CONFIGURATION}-output-files.xcfilelist",
			);
			runOnlyForDeploymentPostprocessing = 0;
			shellPath = /bin/sh;
			shellScript = "\"${PODS_ROOT}/Target Support Files/Pods-AnApp/Pods-AnApp-resources.sh\"\n";
			showEnvVarsInLog = 0;
		};
/* End PBXShellScriptBuildPhase section */

/* Begin PBXSourcesBuildPhase section */
		187E6206259D1B6E00BB4A51 /* Sources */ = {
			isa = PBXSourcesBuildPhase;
			buildActionMask = 2147483647;
			files = (
				18ED062F25A64B3C001ACD09 /* LaunchViewController.swift in Sources */,
				18ED06B525ACD8DB001ACD09 /* ViewControllerFactory.swift in Sources */,
				18ED040B25A506AB001ACD09 /* AddUserViewController.swift in Sources */,
				18ED040D25A506AB001ACD09 /* HomeTabBarViewController.swift in Sources */,
				18ED063925A655B1001ACD09 /* LoginViewController.swift in Sources */,
				18ED040F25A506AB001ACD09 /* SortFieldsViewModel.swift in Sources */,
				18ED040625A506AB001ACD09 /* UserListViewController.swift in Sources */,
				18ED063F25A65B8C001ACD09 /* ProfileViewController.swift in Sources */,
				18ED040C25A506AB001ACD09 /* AddUserViewModel.swift in Sources */,
				18ED06C125ACF3EE001ACD09 /* LoginPresenter.swift in Sources */,
				18ED068A25ABFE59001ACD09 /* MainPresenter.swift in Sources */,
				18F8DF2425DB2A65006F5F32 /* AppGroupTarget.swift in Sources */,
				187E620E259D1B6E00BB4A51 /* AppDelegate.swift in Sources */,
				18ED063325A64B49001ACD09 /* MainViewController.swift in Sources */,
				18ED068125ABF810001ACD09 /* ProfilePresenter.swift in Sources */,
				18ED041025A506AB001ACD09 /* SortFieldsTableViewController.swift in Sources */,
				18ED040425A506AB001ACD09 /* UserList+TableView.swift in Sources */,
				18ED040225A506AB001ACD09 /* AppDependencyContainer.swift in Sources */,
				18ED06BB25ACE76C001ACD09 /* UserListPresenter.swift in Sources */,
				187E6210259D1B6E00BB4A51 /* SceneDelegate.swift in Sources */,
				18ED068525ABF9FE001ACD09 /* LaunchPresenter.swift in Sources */,
				18ED040525A506AB001ACD09 /* UserListDependencyContainer.swift in Sources */,
			);
			runOnlyForDeploymentPostprocessing = 0;
		};
		187E621C259D1B7100BB4A51 /* Sources */ = {
			isa = PBXSourcesBuildPhase;
			buildActionMask = 2147483647;
			files = (
				187E6225259D1B7100BB4A51 /* AnAppTests.swift in Sources */,
			);
			runOnlyForDeploymentPostprocessing = 0;
		};
		187E6227259D1B7100BB4A51 /* Sources */ = {
			isa = PBXSourcesBuildPhase;
			buildActionMask = 2147483647;
			files = (
				187E6230259D1B7100BB4A51 /* AnAppUITests.swift in Sources */,
			);
			runOnlyForDeploymentPostprocessing = 0;
		};
		18CF1A3C25D5F2A900B0C5C6 /* Sources */ = {
			isa = PBXSourcesBuildPhase;
			buildActionMask = 2147483647;
			files = (
				18F8DF0725DA12F7006F5F32 /* Model.swift in Sources */,
				18F8DF0025DA12BE006F5F32 /* View.swift in Sources */,
				18CF1A4525D5F2A900B0C5C6 /* Widget.swift in Sources */,
				18F8DF2625DB2A65006F5F32 /* AppGroupTarget.swift in Sources */,
				18F8DEDE25DA0D40006F5F32 /* WidgetConfigurationIntentHandler.swift in Sources */,
				18F8DF1825DA1313006F5F32 /* Provider.swift in Sources */,
				18CF1A4A25D5F2AB00B0C5C6 /* WidgetConfiguration.intentdefinition in Sources */,
			);
			runOnlyForDeploymentPostprocessing = 0;
		};
		18ED071925B4D036001ACD09 /* Sources */ = {
			isa = PBXSourcesBuildPhase;
			buildActionMask = 2147483647;
			files = (
				18F8DF2525DB2A65006F5F32 /* AppGroupTarget.swift in Sources */,
				18ED072225B4D036001ACD09 /* Widget.swift in Sources */,
				18CF1A1D25D5DE6300B0C5C6 /* Provider.swift in Sources */,
				18CF1A2225D5DED600B0C5C6 /* Model.swift in Sources */,
				18CF1A1625D5DE5C00B0C5C6 /* View.swift in Sources */,
			);
			runOnlyForDeploymentPostprocessing = 0;
		};
		18F8DEBE25DA0C50006F5F32 /* Sources */ = {
			isa = PBXSourcesBuildPhase;
			buildActionMask = 2147483647;
			files = (
				18F8DEE425DA0D96006F5F32 /* WidgetConfigurationIntentHandler.swift in Sources */,
				18F8DEC625DA0C50006F5F32 /* IntentHandler.swift in Sources */,
				18F8DEEA25DA0DDC006F5F32 /* WidgetConfiguration.intentdefinition in Sources */,
			);
			runOnlyForDeploymentPostprocessing = 0;
		};
/* End PBXSourcesBuildPhase section */

/* Begin PBXTargetDependency section */
		187E6222259D1B7100BB4A51 /* PBXTargetDependency */ = {
			isa = PBXTargetDependency;
			target = 187E6209259D1B6E00BB4A51 /* AnApp */;
			targetProxy = 187E6221259D1B7100BB4A51 /* PBXContainerItemProxy */;
		};
		187E622D259D1B7100BB4A51 /* PBXTargetDependency */ = {
			isa = PBXTargetDependency;
			target = 187E6209259D1B6E00BB4A51 /* AnApp */;
			targetProxy = 187E622C259D1B7100BB4A51 /* PBXContainerItemProxy */;
		};
		18CF1A4D25D5F2AB00B0C5C6 /* PBXTargetDependency */ = {
			isa = PBXTargetDependency;
			target = 18CF1A3F25D5F2A900B0C5C6 /* AConfigurableWidget */;
			targetProxy = 18CF1A4C25D5F2AB00B0C5C6 /* PBXContainerItemProxy */;
		};
		18ED072725B4D037001ACD09 /* PBXTargetDependency */ = {
			isa = PBXTargetDependency;
			target = 18ED071C25B4D036001ACD09 /* AWidget */;
			targetProxy = 18ED072625B4D037001ACD09 /* PBXContainerItemProxy */;
		};
		18F8DEC925DA0C50006F5F32 /* PBXTargetDependency */ = {
			isa = PBXTargetDependency;
			target = 18F8DEC125DA0C50006F5F32 /* IntentHandlerProvider */;
			targetProxy = 18F8DEC825DA0C50006F5F32 /* PBXContainerItemProxy */;
		};
/* End PBXTargetDependency section */

/* Begin PBXVariantGroup section */
		187E6218259D1B7100BB4A51 /* LaunchScreen.storyboard */ = {
			isa = PBXVariantGroup;
			children = (
				187E6219259D1B7100BB4A51 /* Base */,
			);
			name = LaunchScreen.storyboard;
			sourceTree = "<group>";
		};
		18ED03F725A506AB001ACD09 /* Home.storyboard */ = {
			isa = PBXVariantGroup;
			children = (
				18ED03F825A506AB001ACD09 /* Base */,
			);
			name = Home.storyboard;
			sourceTree = "<group>";
		};
/* End PBXVariantGroup section */

/* Begin XCBuildConfiguration section */
		187E6232259D1B7100BB4A51 /* Debug */ = {
			isa = XCBuildConfiguration;
			buildSettings = {
				ALWAYS_SEARCH_USER_PATHS = NO;
				CLANG_ANALYZER_NONNULL = YES;
				CLANG_ANALYZER_NUMBER_OBJECT_CONVERSION = YES_AGGRESSIVE;
				CLANG_CXX_LANGUAGE_STANDARD = "gnu++14";
				CLANG_CXX_LIBRARY = "libc++";
				CLANG_ENABLE_MODULES = YES;
				CLANG_ENABLE_OBJC_ARC = YES;
				CLANG_ENABLE_OBJC_WEAK = YES;
				CLANG_WARN_BLOCK_CAPTURE_AUTORELEASING = YES;
				CLANG_WARN_BOOL_CONVERSION = YES;
				CLANG_WARN_COMMA = YES;
				CLANG_WARN_CONSTANT_CONVERSION = YES;
				CLANG_WARN_DEPRECATED_OBJC_IMPLEMENTATIONS = YES;
				CLANG_WARN_DIRECT_OBJC_ISA_USAGE = YES_ERROR;
				CLANG_WARN_DOCUMENTATION_COMMENTS = YES;
				CLANG_WARN_EMPTY_BODY = YES;
				CLANG_WARN_ENUM_CONVERSION = YES;
				CLANG_WARN_INFINITE_RECURSION = YES;
				CLANG_WARN_INT_CONVERSION = YES;
				CLANG_WARN_NON_LITERAL_NULL_CONVERSION = YES;
				CLANG_WARN_OBJC_IMPLICIT_RETAIN_SELF = YES;
				CLANG_WARN_OBJC_LITERAL_CONVERSION = YES;
				CLANG_WARN_OBJC_ROOT_CLASS = YES_ERROR;
				CLANG_WARN_QUOTED_INCLUDE_IN_FRAMEWORK_HEADER = YES;
				CLANG_WARN_RANGE_LOOP_ANALYSIS = YES;
				CLANG_WARN_STRICT_PROTOTYPES = YES;
				CLANG_WARN_SUSPICIOUS_MOVE = YES;
				CLANG_WARN_UNGUARDED_AVAILABILITY = YES_AGGRESSIVE;
				CLANG_WARN_UNREACHABLE_CODE = YES;
				CLANG_WARN__DUPLICATE_METHOD_MATCH = YES;
				COPY_PHASE_STRIP = NO;
				DEBUG_INFORMATION_FORMAT = dwarf;
				ENABLE_STRICT_OBJC_MSGSEND = YES;
				ENABLE_TESTABILITY = YES;
				GCC_C_LANGUAGE_STANDARD = gnu11;
				GCC_DYNAMIC_NO_PIC = NO;
				GCC_NO_COMMON_BLOCKS = YES;
				GCC_OPTIMIZATION_LEVEL = 0;
				GCC_PREPROCESSOR_DEFINITIONS = (
					"DEBUG=1",
					"$(inherited)",
				);
				GCC_WARN_64_TO_32_BIT_CONVERSION = YES;
				GCC_WARN_ABOUT_RETURN_TYPE = YES_ERROR;
				GCC_WARN_UNDECLARED_SELECTOR = YES;
				GCC_WARN_UNINITIALIZED_AUTOS = YES_AGGRESSIVE;
				GCC_WARN_UNUSED_FUNCTION = YES;
				GCC_WARN_UNUSED_VARIABLE = YES;
				IPHONEOS_DEPLOYMENT_TARGET = 14.3;
				MTL_ENABLE_DEBUG_INFO = INCLUDE_SOURCE;
				MTL_FAST_MATH = YES;
				ONLY_ACTIVE_ARCH = YES;
				SDKROOT = iphoneos;
				SWIFT_ACTIVE_COMPILATION_CONDITIONS = DEBUG;
				SWIFT_OPTIMIZATION_LEVEL = "-Onone";
			};
			name = Debug;
		};
		187E6233259D1B7100BB4A51 /* Release */ = {
			isa = XCBuildConfiguration;
			buildSettings = {
				ALWAYS_SEARCH_USER_PATHS = NO;
				CLANG_ANALYZER_NONNULL = YES;
				CLANG_ANALYZER_NUMBER_OBJECT_CONVERSION = YES_AGGRESSIVE;
				CLANG_CXX_LANGUAGE_STANDARD = "gnu++14";
				CLANG_CXX_LIBRARY = "libc++";
				CLANG_ENABLE_MODULES = YES;
				CLANG_ENABLE_OBJC_ARC = YES;
				CLANG_ENABLE_OBJC_WEAK = YES;
				CLANG_WARN_BLOCK_CAPTURE_AUTORELEASING = YES;
				CLANG_WARN_BOOL_CONVERSION = YES;
				CLANG_WARN_COMMA = YES;
				CLANG_WARN_CONSTANT_CONVERSION = YES;
				CLANG_WARN_DEPRECATED_OBJC_IMPLEMENTATIONS = YES;
				CLANG_WARN_DIRECT_OBJC_ISA_USAGE = YES_ERROR;
				CLANG_WARN_DOCUMENTATION_COMMENTS = YES;
				CLANG_WARN_EMPTY_BODY = YES;
				CLANG_WARN_ENUM_CONVERSION = YES;
				CLANG_WARN_INFINITE_RECURSION = YES;
				CLANG_WARN_INT_CONVERSION = YES;
				CLANG_WARN_NON_LITERAL_NULL_CONVERSION = YES;
				CLANG_WARN_OBJC_IMPLICIT_RETAIN_SELF = YES;
				CLANG_WARN_OBJC_LITERAL_CONVERSION = YES;
				CLANG_WARN_OBJC_ROOT_CLASS = YES_ERROR;
				CLANG_WARN_QUOTED_INCLUDE_IN_FRAMEWORK_HEADER = YES;
				CLANG_WARN_RANGE_LOOP_ANALYSIS = YES;
				CLANG_WARN_STRICT_PROTOTYPES = YES;
				CLANG_WARN_SUSPICIOUS_MOVE = YES;
				CLANG_WARN_UNGUARDED_AVAILABILITY = YES_AGGRESSIVE;
				CLANG_WARN_UNREACHABLE_CODE = YES;
				CLANG_WARN__DUPLICATE_METHOD_MATCH = YES;
				COPY_PHASE_STRIP = NO;
				DEBUG_INFORMATION_FORMAT = "dwarf-with-dsym";
				ENABLE_NS_ASSERTIONS = NO;
				ENABLE_STRICT_OBJC_MSGSEND = YES;
				GCC_C_LANGUAGE_STANDARD = gnu11;
				GCC_NO_COMMON_BLOCKS = YES;
				GCC_WARN_64_TO_32_BIT_CONVERSION = YES;
				GCC_WARN_ABOUT_RETURN_TYPE = YES_ERROR;
				GCC_WARN_UNDECLARED_SELECTOR = YES;
				GCC_WARN_UNINITIALIZED_AUTOS = YES_AGGRESSIVE;
				GCC_WARN_UNUSED_FUNCTION = YES;
				GCC_WARN_UNUSED_VARIABLE = YES;
				IPHONEOS_DEPLOYMENT_TARGET = 14.3;
				MTL_ENABLE_DEBUG_INFO = NO;
				MTL_FAST_MATH = YES;
				SDKROOT = iphoneos;
				SWIFT_COMPILATION_MODE = wholemodule;
				SWIFT_OPTIMIZATION_LEVEL = "-O";
				VALIDATE_PRODUCT = YES;
			};
			name = Release;
		};
		187E6235259D1B7100BB4A51 /* Debug */ = {
			isa = XCBuildConfiguration;
			baseConfigurationReference = EB853B667952DE4901E4968B /* Pods-AnApp.debug.xcconfig */;
			buildSettings = {
				ALWAYS_EMBED_SWIFT_STANDARD_LIBRARIES = YES;
				ASSETCATALOG_COMPILER_APPICON_NAME = AppIcon;
				ASSETCATALOG_COMPILER_GLOBAL_ACCENT_COLOR_NAME = AccentColor;
				CODE_SIGN_STYLE = Automatic;
				DEVELOPMENT_TEAM = 8C7V6EFR5B;
				INFOPLIST_FILE = AnApp/Info.plist;
				LD_RUNPATH_SEARCH_PATHS = (
					"$(inherited)",
					"@executable_path/Frameworks",
				);
				PRODUCT_BUNDLE_IDENTIFIER = "com.harman-orsay.AnApp";
				PRODUCT_NAME = "$(TARGET_NAME)";
				SWIFT_VERSION = 5.0;
				TARGETED_DEVICE_FAMILY = "1,2";
			};
			name = Debug;
		};
		187E6236259D1B7100BB4A51 /* Release */ = {
			isa = XCBuildConfiguration;
			baseConfigurationReference = 67DA041B409C4EC79C111787 /* Pods-AnApp.release.xcconfig */;
			buildSettings = {
				ALWAYS_EMBED_SWIFT_STANDARD_LIBRARIES = YES;
				ASSETCATALOG_COMPILER_APPICON_NAME = AppIcon;
				ASSETCATALOG_COMPILER_GLOBAL_ACCENT_COLOR_NAME = AccentColor;
				CODE_SIGN_ENTITLEMENTS = AnApp/AnAppRelease.entitlements;
				CODE_SIGN_STYLE = Automatic;
				DEVELOPMENT_TEAM = 8C7V6EFR5B;
				INFOPLIST_FILE = AnApp/Info.plist;
				LD_RUNPATH_SEARCH_PATHS = (
					"$(inherited)",
					"@executable_path/Frameworks",
				);
				PRODUCT_BUNDLE_IDENTIFIER = "com.harman-orsay.AnApp";
				PRODUCT_NAME = "$(TARGET_NAME)";
				SWIFT_VERSION = 5.0;
				TARGETED_DEVICE_FAMILY = "1,2";
			};
			name = Release;
		};
		187E6238259D1B7100BB4A51 /* Debug */ = {
			isa = XCBuildConfiguration;
			buildSettings = {
				ALWAYS_EMBED_SWIFT_STANDARD_LIBRARIES = YES;
				BUNDLE_LOADER = "$(TEST_HOST)";
				CODE_SIGN_STYLE = Automatic;
				INFOPLIST_FILE = AnAppTests/Info.plist;
				IPHONEOS_DEPLOYMENT_TARGET = 14.3;
				LD_RUNPATH_SEARCH_PATHS = (
					"$(inherited)",
					"@executable_path/Frameworks",
					"@loader_path/Frameworks",
				);
				PRODUCT_BUNDLE_IDENTIFIER = "com.harman-orsay.AnAppTests";
				PRODUCT_NAME = "$(TARGET_NAME)";
				SWIFT_VERSION = 5.0;
				TARGETED_DEVICE_FAMILY = "1,2";
				TEST_HOST = "$(BUILT_PRODUCTS_DIR)/AnApp.app/AnApp";
			};
			name = Debug;
		};
		187E6239259D1B7100BB4A51 /* Release */ = {
			isa = XCBuildConfiguration;
			buildSettings = {
				ALWAYS_EMBED_SWIFT_STANDARD_LIBRARIES = YES;
				BUNDLE_LOADER = "$(TEST_HOST)";
				CODE_SIGN_STYLE = Automatic;
				INFOPLIST_FILE = AnAppTests/Info.plist;
				IPHONEOS_DEPLOYMENT_TARGET = 14.3;
				LD_RUNPATH_SEARCH_PATHS = (
					"$(inherited)",
					"@executable_path/Frameworks",
					"@loader_path/Frameworks",
				);
				PRODUCT_BUNDLE_IDENTIFIER = "com.harman-orsay.AnAppTests";
				PRODUCT_NAME = "$(TARGET_NAME)";
				SWIFT_VERSION = 5.0;
				TARGETED_DEVICE_FAMILY = "1,2";
				TEST_HOST = "$(BUILT_PRODUCTS_DIR)/AnApp.app/AnApp";
			};
			name = Release;
		};
		187E623B259D1B7100BB4A51 /* Debug */ = {
			isa = XCBuildConfiguration;
			buildSettings = {
				ALWAYS_EMBED_SWIFT_STANDARD_LIBRARIES = YES;
				CODE_SIGN_STYLE = Automatic;
				INFOPLIST_FILE = AnAppUITests/Info.plist;
				LD_RUNPATH_SEARCH_PATHS = (
					"$(inherited)",
					"@executable_path/Frameworks",
					"@loader_path/Frameworks",
				);
				PRODUCT_BUNDLE_IDENTIFIER = "com.harman-orsay.AnAppUITests";
				PRODUCT_NAME = "$(TARGET_NAME)";
				SWIFT_VERSION = 5.0;
				TARGETED_DEVICE_FAMILY = "1,2";
				TEST_TARGET_NAME = AnApp;
			};
			name = Debug;
		};
		187E623C259D1B7100BB4A51 /* Release */ = {
			isa = XCBuildConfiguration;
			buildSettings = {
				ALWAYS_EMBED_SWIFT_STANDARD_LIBRARIES = YES;
				CODE_SIGN_STYLE = Automatic;
				INFOPLIST_FILE = AnAppUITests/Info.plist;
				LD_RUNPATH_SEARCH_PATHS = (
					"$(inherited)",
					"@executable_path/Frameworks",
					"@loader_path/Frameworks",
				);
				PRODUCT_BUNDLE_IDENTIFIER = "com.harman-orsay.AnAppUITests";
				PRODUCT_NAME = "$(TARGET_NAME)";
				SWIFT_VERSION = 5.0;
				TARGETED_DEVICE_FAMILY = "1,2";
				TEST_TARGET_NAME = AnApp;
			};
			name = Release;
		};
		18CF1A5025D5F2AB00B0C5C6 /* Debug */ = {
			isa = XCBuildConfiguration;
			buildSettings = {
				ASSETCATALOG_COMPILER_GLOBAL_ACCENT_COLOR_NAME = AccentColor;
				ASSETCATALOG_COMPILER_WIDGET_BACKGROUND_COLOR_NAME = WidgetBackground;
				CODE_SIGN_STYLE = Automatic;
				DEVELOPMENT_TEAM = 8C7V6EFR5B;
				INFOPLIST_FILE = AConfigurableWidget/Info.plist;
				IPHONEOS_DEPLOYMENT_TARGET = 14.4;
				LD_RUNPATH_SEARCH_PATHS = (
					"$(inherited)",
					"@executable_path/Frameworks",
					"@executable_path/../../Frameworks",
				);
				PRODUCT_BUNDLE_IDENTIFIER = "com.harman-orsay.AnApp.AConfigurableWidget";
				PRODUCT_NAME = "$(TARGET_NAME)";
				SKIP_INSTALL = YES;
				SWIFT_VERSION = 5.0;
				TARGETED_DEVICE_FAMILY = "1,2";
			};
			name = Debug;
		};
		18CF1A5125D5F2AB00B0C5C6 /* Release */ = {
			isa = XCBuildConfiguration;
			buildSettings = {
				ASSETCATALOG_COMPILER_GLOBAL_ACCENT_COLOR_NAME = AccentColor;
				ASSETCATALOG_COMPILER_WIDGET_BACKGROUND_COLOR_NAME = WidgetBackground;
				CODE_SIGN_STYLE = Automatic;
				DEVELOPMENT_TEAM = 8C7V6EFR5B;
				INFOPLIST_FILE = AConfigurableWidget/Info.plist;
				IPHONEOS_DEPLOYMENT_TARGET = 14.4;
				LD_RUNPATH_SEARCH_PATHS = (
					"$(inherited)",
					"@executable_path/Frameworks",
					"@executable_path/../../Frameworks",
				);
				PRODUCT_BUNDLE_IDENTIFIER = "com.harman-orsay.AnApp.AConfigurableWidget";
				PRODUCT_NAME = "$(TARGET_NAME)";
				SKIP_INSTALL = YES;
				SWIFT_VERSION = 5.0;
				TARGETED_DEVICE_FAMILY = "1,2";
			};
			name = Release;
		};
		18ED072A25B4D037001ACD09 /* Debug */ = {
			isa = XCBuildConfiguration;
			buildSettings = {
				ASSETCATALOG_COMPILER_GLOBAL_ACCENT_COLOR_NAME = AccentColor;
				ASSETCATALOG_COMPILER_WIDGET_BACKGROUND_COLOR_NAME = WidgetBackground;
				CODE_SIGN_ENTITLEMENTS = "";
				CODE_SIGN_STYLE = Automatic;
				DEVELOPMENT_TEAM = 8C7V6EFR5B;
				INFOPLIST_FILE = AWidget/Info.plist;
				LD_RUNPATH_SEARCH_PATHS = (
					"$(inherited)",
					"@executable_path/Frameworks",
					"@executable_path/../../Frameworks",
				);
				PRODUCT_BUNDLE_IDENTIFIER = "com.harman-orsay.AnApp.AWidget";
				PRODUCT_NAME = "$(TARGET_NAME)";
				SKIP_INSTALL = YES;
				SWIFT_VERSION = 5.0;
				TARGETED_DEVICE_FAMILY = "1,2";
			};
			name = Debug;
		};
		18ED072B25B4D037001ACD09 /* Release */ = {
			isa = XCBuildConfiguration;
			buildSettings = {
				ASSETCATALOG_COMPILER_GLOBAL_ACCENT_COLOR_NAME = AccentColor;
				ASSETCATALOG_COMPILER_WIDGET_BACKGROUND_COLOR_NAME = WidgetBackground;
				CODE_SIGN_ENTITLEMENTS = "";
				CODE_SIGN_STYLE = Automatic;
				DEVELOPMENT_TEAM = 8C7V6EFR5B;
				INFOPLIST_FILE = AWidget/Info.plist;
				LD_RUNPATH_SEARCH_PATHS = (
					"$(inherited)",
					"@executable_path/Frameworks",
					"@executable_path/../../Frameworks",
				);
				PRODUCT_BUNDLE_IDENTIFIER = "com.harman-orsay.AnApp.AWidget";
				PRODUCT_NAME = "$(TARGET_NAME)";
				SKIP_INSTALL = YES;
				SWIFT_VERSION = 5.0;
				TARGETED_DEVICE_FAMILY = "1,2";
			};
			name = Release;
		};
		18F8DECC25DA0C50006F5F32 /* Debug */ = {
			isa = XCBuildConfiguration;
			buildSettings = {
				CODE_SIGN_STYLE = Automatic;
				DEVELOPMENT_TEAM = 8C7V6EFR5B;
				INFOPLIST_FILE = IntentHandlerProvider/Info.plist;
				IPHONEOS_DEPLOYMENT_TARGET = 14.4;
				LD_RUNPATH_SEARCH_PATHS = (
					"$(inherited)",
					"@executable_path/Frameworks",
					"@executable_path/../../Frameworks",
				);
				PRODUCT_BUNDLE_IDENTIFIER = "com.harman-orsay.AnApp.IntentHandlerProvider";
				PRODUCT_NAME = "$(TARGET_NAME)";
				SKIP_INSTALL = YES;
				SWIFT_VERSION = 5.0;
				TARGETED_DEVICE_FAMILY = "1,2";
			};
			name = Debug;
		};
		18F8DECD25DA0C50006F5F32 /* Release */ = {
			isa = XCBuildConfiguration;
			buildSettings = {
				CODE_SIGN_STYLE = Automatic;
				DEVELOPMENT_TEAM = 8C7V6EFR5B;
				INFOPLIST_FILE = IntentHandlerProvider/Info.plist;
				IPHONEOS_DEPLOYMENT_TARGET = 14.4;
				LD_RUNPATH_SEARCH_PATHS = (
					"$(inherited)",
					"@executable_path/Frameworks",
					"@executable_path/../../Frameworks",
				);
				PRODUCT_BUNDLE_IDENTIFIER = "com.harman-orsay.AnApp.IntentHandlerProvider";
				PRODUCT_NAME = "$(TARGET_NAME)";
				SKIP_INSTALL = YES;
				SWIFT_VERSION = 5.0;
				TARGETED_DEVICE_FAMILY = "1,2";
			};
			name = Release;
		};
/* End XCBuildConfiguration section */

/* Begin XCConfigurationList section */
		187E6205259D1B6E00BB4A51 /* Build configuration list for PBXProject "AnApp" */ = {
			isa = XCConfigurationList;
			buildConfigurations = (
				187E6232259D1B7100BB4A51 /* Debug */,
				187E6233259D1B7100BB4A51 /* Release */,
			);
			defaultConfigurationIsVisible = 0;
			defaultConfigurationName = Release;
		};
		187E6234259D1B7100BB4A51 /* Build configuration list for PBXNativeTarget "AnApp" */ = {
			isa = XCConfigurationList;
			buildConfigurations = (
				187E6235259D1B7100BB4A51 /* Debug */,
				187E6236259D1B7100BB4A51 /* Release */,
			);
			defaultConfigurationIsVisible = 0;
			defaultConfigurationName = Release;
		};
		187E6237259D1B7100BB4A51 /* Build configuration list for PBXNativeTarget "AnAppTests" */ = {
			isa = XCConfigurationList;
			buildConfigurations = (
				187E6238259D1B7100BB4A51 /* Debug */,
				187E6239259D1B7100BB4A51 /* Release */,
			);
			defaultConfigurationIsVisible = 0;
			defaultConfigurationName = Release;
		};
		187E623A259D1B7100BB4A51 /* Build configuration list for PBXNativeTarget "AnAppUITests" */ = {
			isa = XCConfigurationList;
			buildConfigurations = (
				187E623B259D1B7100BB4A51 /* Debug */,
				187E623C259D1B7100BB4A51 /* Release */,
			);
			defaultConfigurationIsVisible = 0;
			defaultConfigurationName = Release;
		};
		18CF1A4F25D5F2AB00B0C5C6 /* Build configuration list for PBXNativeTarget "AConfigurableWidget" */ = {
			isa = XCConfigurationList;
			buildConfigurations = (
				18CF1A5025D5F2AB00B0C5C6 /* Debug */,
				18CF1A5125D5F2AB00B0C5C6 /* Release */,
			);
			defaultConfigurationIsVisible = 0;
			defaultConfigurationName = Release;
		};
		18ED072925B4D037001ACD09 /* Build configuration list for PBXNativeTarget "AWidget" */ = {
			isa = XCConfigurationList;
			buildConfigurations = (
				18ED072A25B4D037001ACD09 /* Debug */,
				18ED072B25B4D037001ACD09 /* Release */,
			);
			defaultConfigurationIsVisible = 0;
			defaultConfigurationName = Release;
		};
		18F8DECB25DA0C50006F5F32 /* Build configuration list for PBXNativeTarget "IntentHandlerProvider" */ = {
			isa = XCConfigurationList;
			buildConfigurations = (
				18F8DECC25DA0C50006F5F32 /* Debug */,
				18F8DECD25DA0C50006F5F32 /* Release */,
			);
			defaultConfigurationIsVisible = 0;
			defaultConfigurationName = Release;
		};
/* End XCConfigurationList section */
	};
	rootObject = 187E6202259D1B6E00BB4A51 /* Project object */;
}
